
Microsoft Visual Studio Solution File, Format Version 12.00
# Visual Studio Version 17
VisualStudioVersion = 17.2.32616.157
MinimumVisualStudioVersion = 10.0.40219.1
Project("{9A19103F-16F7-4668-BE54-9A1E7A4F7556}") = "TvMazeScraper", "TvMazeScraper\TvMazeScraper.csproj", "{0B79DA16-9D45-4076-B96F-49A02ABF821D}"
EndProject
Project("{FAE04EC0-301F-11D3-BF4B-00C04F79EFBC}") = "Tests", "Tests\Tests.csproj", "{F4B22637-7264-48C6-8453-658321D54341}"
EndProject
Global
	GlobalSection(SolutionConfigurationPlatforms) = preSolution
		Debug|Any CPU = Debug|Any CPU
		Release|Any CPU = Release|Any CPU
	EndGlobalSection
	GlobalSection(ProjectConfigurationPlatforms) = postSolution
		{0B79DA16-9D45-4076-B96F-49A02ABF821D}.Debug|Any CPU.ActiveCfg = Debug|Any CPU
		{0B79DA16-9D45-4076-B96F-49A02ABF821D}.Debug|Any CPU.Build.0 = Debug|Any CPU
		{0B79DA16-9D45-4076-B96F-49A02ABF821D}.Release|Any CPU.ActiveCfg = Release|Any CPU
		{0B79DA16-9D45-4076-B96F-49A02ABF821D}.Release|Any CPU.Build.0 = Release|Any CPU
		{F4B22637-7264-48C6-8453-658321D54341}.Debug|Any CPU.ActiveCfg = Debug|Any CPU
		{F4B22637-7264-48C6-8453-658321D54341}.Debug|Any CPU.Build.0 = Debug|Any CPU
		{F4B22637-7264-48C6-8453-658321D54341}.Release|Any CPU.ActiveCfg = Release|Any CPU
		{F4B22637-7264-48C6-8453-658321D54341}.Release|Any CPU.Build.0 = Release|Any CPU
	EndGlobalSection
	GlobalSection(SolutionProperties) = preSolution
		HideSolutionNode = FALSE
	EndGlobalSection
	GlobalSection(ExtensibilityGlobals) = postSolution
		SolutionGuid = {29579F24-75F5-4652-8C6F-43A3DD490EAE}
	EndGlobalSection
EndGlobal
